
Microsoft Visual Studio Solution File, Format Version 12.00
# Visual Studio Version 16
VisualStudioVersion = 16.0.31605.320
MinimumVisualStudioVersion = 10.0.40219.1
Project("{FAE04EC0-301F-11D3-BF4B-00C04F79EFBC}") = "inform", "inform\inform.csproj", "{E01F584E-F42B-4435-814F-F7BAE21063DA}"
EndProject
Global
	GlobalSection(SolutionConfigurationPlatforms) = preSolution
		Debug|Any CPU = Debug|Any CPU
		Release|Any CPU = Release|Any CPU
	EndGlobalSection
	GlobalSection(ProjectConfigurationPlatforms) = postSolution
		{E01F584E-F42B-4435-814F-F7BAE21063DA}.Debug|Any CPU.ActiveCfg = Debug|Any CPU
		{E01F584E-F42B-4435-814F-F7BAE21063DA}.Debug|Any CPU.Build.0 = Debug|Any CPU
		{E01F584E-F42B-4435-814F-F7BAE21063DA}.Release|Any CPU.ActiveCfg = Release|Any CPU
		{E01F584E-F42B-4435-814F-F7BAE21063DA}.Release|Any CPU.Build.0 = Release|Any CPU
	EndGlobalSection
	GlobalSection(SolutionProperties) = preSolution
		HideSolutionNode = FALSE
	EndGlobalSection
	GlobalSection(ExtensibilityGlobals) = postSolution
		SolutionGuid = {614099CA-378B-4321-9CCD-E04F3246B16F}
	EndGlobalSection
EndGlobal
